
Microsoft Visual Studio Solution File, Format Version 12.00
# Visual Studio Version 17
VisualStudioVersion = 17.2.32616.157
MinimumVisualStudioVersion = 10.0.40219.1
Project("{FAE04EC0-301F-11D3-BF4B-00C04F79EFBC}") = "CalculosFinanceiros", "CalculosFinanceiros\CalculosFinanceiros.csproj", "{D4EE203C-ED07-464D-8381-EBBEC9CB1AB0}"
EndProject
Global
	GlobalSection(SolutionConfigurationPlatforms) = preSolution
		Debug|Any CPU = Debug|Any CPU
		Release|Any CPU = Release|Any CPU
	EndGlobalSection
	GlobalSection(ProjectConfigurationPlatforms) = postSolution
		{D4EE203C-ED07-464D-8381-EBBEC9CB1AB0}.Debug|Any CPU.ActiveCfg = Debug|Any CPU
		{D4EE203C-ED07-464D-8381-EBBEC9CB1AB0}.Debug|Any CPU.Build.0 = Debug|Any CPU
		{D4EE203C-ED07-464D-8381-EBBEC9CB1AB0}.Release|Any CPU.ActiveCfg = Release|Any CPU
		{D4EE203C-ED07-464D-8381-EBBEC9CB1AB0}.Release|Any CPU.Build.0 = Release|Any CPU
	EndGlobalSection
	GlobalSection(SolutionProperties) = preSolution
		HideSolutionNode = FALSE
	EndGlobalSection
	GlobalSection(ExtensibilityGlobals) = postSolution
		SolutionGuid = {E160FD27-1142-4616-8D7E-4B6E34CDCF8F}
	EndGlobalSection
EndGlobal
